{
  "nodes": {
    "dev-envs": {
      "inputs": {
        "nixpkgs": [
          "nixpkgs"
        ]
      },
      "locked": {
        "lastModified": 1758407967,
        "narHash": "sha256-dalwgWbGYdfnAr5GAjjpf3n4IBs/KowgZhSGcjTcf5c=",
        "owner": "lasse16",
        "repo": "dev-envs",
        "rev": "03bfb728621e4592be83c563c0de634fb525d92d",
        "type": "github"
      },
      "original": {
        "owner": "lasse16",
        "repo": "dev-envs",
        "type": "github"
      }
    },
    "nixpkgs": {
      "locked": {
        "lastModified": 1701282334,
        "narHash": "sha256-MxCVrXY6v4QmfTwIysjjaX0XUhqBbxTWWB4HXtDYsdk=",
        "owner": "NixOS",
        "repo": "nixpkgs",
        "rev": "057f9aecfb71c4437d2b27d3323df7f93c010b7e",
        "type": "github"
      },
      "original": {
        "owner": "NixOS",
        "ref": "23.11",
        "repo": "nixpkgs",
        "type": "github"
      }
    },
    "root": {
      "inputs": {
        "dev-envs": "dev-envs",
        "nixpkgs": "nixpkgs"
      }
    }
  },
  "root": "root",
  "version": 7
}
